PODS:
  - Alamofire (5.9.0)
  - Charts (4.1.0):
    - Charts/Core (= 4.1.0)
  - Charts/Core (4.1.0):
    - SwiftAlgorithms (~> 1.0)
  - SwiftAlgorithms (1.0.0)
  - SwiftyJSON (5.0.1)

DEPENDENCIES:
  - Alamofire
  - Charts
  - SwiftyJSON

SPEC REPOS:
  trunk:
    - Alamofire
    - Charts
    - SwiftAlgorithms
    - SwiftyJSON

SPEC CHECKSUMS:
  Alamofire: 02b772c9910e8eba1a079227c32fbd9e46c90a24
  Charts: ce0768268078eee0336f122c3c4ca248e4e204c5
  SwiftAlgorithms: 38dda4731d19027fdeee1125f973111bf3386b53
  SwiftyJSON: 2f33a42c6fbc52764d96f13368585094bfd8aa5e

PODFILE CHECKSUM: fb57abf41394e05a702d5cca455424a3758d583e

COCOAPODS: 1.12.1
