// !$*UTF8*$!
{
	archiveVersion = 1;
	classes = {
	};
	objectVersion = 56;
	objects = {

/* Begin PBXBuildFile section */
		6044F557B18D333A1C2E4E05 /* Pods_NearEarthAsteroidApp.framework in Frameworks */ = {isa = PBXBuildFile; fileRef = A1D813053B1B2075BD90C670 /* Pods_NearEarthAsteroidApp.framework */; };
		FE5AF7342B9A2CF200172EBF /* AppDelegate.swift in Sources */ = {isa = PBXBuildFile; fileRef = FE5AF7332B9A2CF200172EBF /* AppDelegate.swift */; };
		FE5AF7362B9A2CF200172EBF /* SceneDelegate.swift in Sources */ = {isa = PBXBuildFile; fileRef = FE5AF7352B9A2CF200172EBF /* SceneDelegate.swift */; };
		FE5AF7382B9A2CF200172EBF /* ViewController.swift in Sources */ = {isa = PBXBuildFile; fileRef = FE5AF7372B9A2CF200172EBF /* ViewController.swift */; };
		FE5AF73B2B9A2CF200172EBF /* Main.storyboard in Resources */ = {isa = PBXBuildFile; fileRef = FE5AF7392B9A2CF200172EBF /* Main.storyboard */; };
		FE5AF73D2B9A2CF400172EBF /* Assets.xcassets in Resources */ = {isa = PBXBuildFile; fileRef = FE5AF73C2B9A2CF400172EBF /* Assets.xcassets */; };
		FE5AF7402B9A2CF400172EBF /* LaunchScreen.storyboard in Resources */ = {isa = PBXBuildFile; fileRef = FE5AF73E2B9A2CF400172EBF /* LaunchScreen.storyboard */; };
		FE5AF74B2B9A2D2C00172EBF /* NetworkManager.swift in Sources */ = {isa = PBXBuildFile; fileRef = FE5AF74A2B9A2D2C00172EBF /* NetworkManager.swift */; };
		FE5AF74E2B9A2D3F00172EBF /* AsteroidModel.swift in Sources */ = {isa = PBXBuildFile; fileRef = FE5AF74D2B9A2D3F00172EBF /* AsteroidModel.swift */; };
		FE5AF7502B9A2D4F00172EBF /* DashboardViewController.swift in Sources */ = {isa = PBXBuildFile; fileRef = FE5AF74F2B9A2D4F00172EBF /* DashboardViewController.swift */; };
/* End PBXBuildFile section */

/* Begin PBXFileReference section */
		7111A2F95911457ED6D1E5E5 /* Pods-NearEarthAsteroidApp.debug.xcconfig */ = {isa = PBXFileReference; includeInIndex = 1; lastKnownFileType = text.xcconfig; name = "Pods-NearEarthAsteroidApp.debug.xcconfig"; path = "Target Support Files/Pods-NearEarthAsteroidApp/Pods-NearEarthAsteroidApp.debug.xcconfig"; sourceTree = "<group>"; };
		A1D813053B1B2075BD90C670 /* Pods_NearEarthAsteroidApp.framework */ = {isa = PBXFileReference; explicitFileType = wrapper.framework; includeInIndex = 0; path = Pods_NearEarthAsteroidApp.framework; sourceTree = BUILT_PRODUCTS_DIR; };
		C772091563F13E61F3179179 /* Pods-NearEarthAsteroidApp.release.xcconfig */ = {isa = PBXFileReference; includeInIndex = 1; lastKnownFileType = text.xcconfig; name = "Pods-NearEarthAsteroidApp.release.xcconfig"; path = "Target Support Files/Pods-NearEarthAsteroidApp/Pods-NearEarthAsteroidApp.release.xcconfig"; sourceTree = "<group>"; };
		FE5AF7302B9A2CF200172EBF /* NearEarthAsteroidApp.app */ = {isa = PBXFileReference; explicitFileType = wrapper.application; includeInIndex = 0; path = NearEarthAsteroidApp.app; sourceTree = BUILT_PRODUCTS_DIR; };
		FE5AF7332B9A2CF200172EBF /* AppDelegate.swift */ = {isa = PBXFileReference; lastKnownFileType = sourcecode.swift; path = AppDelegate.swift; sourceTree = "<group>"; };
		FE5AF7352B9A2CF200172EBF /* SceneDelegate.swift */ = {isa = PBXFileReference; lastKnownFileType = sourcecode.swift; path = SceneDelegate.swift; sourceTree = "<group>"; };
		FE5AF7372B9A2CF200172EBF /* ViewController.swift */ = {isa = PBXFileReference; lastKnownFileType = sourcecode.swift; path = ViewController.swift; sourceTree = "<group>"; };
		FE5AF73A2B9A2CF200172EBF /* Base */ = {isa = PBXFileReference; lastKnownFileType = file.storyboard; name = Base; path = Base.lproj/Main.storyboard; sourceTree = "<group>"; };
		FE5AF73C2B9A2CF400172EBF /* Assets.xcassets */ = {isa = PBXFileReference; lastKnownFileType = folder.assetcatalog; path = Assets.xcassets; sourceTree = "<group>"; };
		FE5AF73F2B9A2CF400172EBF /* Base */ = {isa = PBXFileReference; lastKnownFileType = file.storyboard; name = Base; path = Base.lproj/LaunchScreen.storyboard; sourceTree = "<group>"; };
		FE5AF7412B9A2CF400172EBF /* Info.plist */ = {isa = PBXFileReference; lastKnownFileType = text.plist.xml; path = Info.plist; sourceTree = "<group>"; };
		FE5AF74A2B9A2D2C00172EBF /* NetworkManager.swift */ = {isa = PBXFileReference; lastKnownFileType = sourcecode.swift; path = NetworkManager.swift; sourceTree = "<group>"; };
		FE5AF74D2B9A2D3F00172EBF /* AsteroidModel.swift */ = {isa = PBXFileReference; lastKnownFileType = sourcecode.swift; path = AsteroidModel.swift; sourceTree = "<group>"; };
		FE5AF74F2B9A2D4F00172EBF /* DashboardViewController.swift */ = {isa = PBXFileReference; lastKnownFileType = sourcecode.swift; path = DashboardViewController.swift; sourceTree = "<group>"; };
/* End PBXFileReference section */

/* Begin PBXFrameworksBuildPhase section */
		FE5AF72D2B9A2CF200172EBF /* Frameworks */ = {
			isa = PBXFrameworksBuildPhase;
			buildActionMask = 2147483647;
			files = (
				6044F557B18D333A1C2E4E05 /* Pods_NearEarthAsteroidApp.framework in Frameworks */,
			);
			runOnlyForDeploymentPostprocessing = 0;
		};
/* End PBXFrameworksBuildPhase section */

/* Begin PBXGroup section */
		ABB3D921DAFFAE4470016E72 /* Frameworks */ = {
			isa = PBXGroup;
			children = (
				A1D813053B1B2075BD90C670 /* Pods_NearEarthAsteroidApp.framework */,
			);
			name = Frameworks;
			sourceTree = "<group>";
		};
		D52FD008923E567E0C52E3AE /* Pods */ = {
			isa = PBXGroup;
			children = (
				7111A2F95911457ED6D1E5E5 /* Pods-NearEarthAsteroidApp.debug.xcconfig */,
				C772091563F13E61F3179179 /* Pods-NearEarthAsteroidApp.release.xcconfig */,
			);
			name = Pods;
			path = Pods;
			sourceTree = "<group>";
		};
		FE5AF7272B9A2CF200172EBF = {
			isa = PBXGroup;
			children = (
				FE5AF7322B9A2CF200172EBF /* NearEarthAsteroidApp */,
				FE5AF7312B9A2CF200172EBF /* Products */,
				D52FD008923E567E0C52E3AE /* Pods */,
				ABB3D921DAFFAE4470016E72 /* Frameworks */,
			);
			sourceTree = "<group>";
		};
		FE5AF7312B9A2CF200172EBF /* Products */ = {
			isa = PBXGroup;
			children = (
				FE5AF7302B9A2CF200172EBF /* NearEarthAsteroidApp.app */,
			);
			name = Products;
			sourceTree = "<group>";
		};
		FE5AF7322B9A2CF200172EBF /* NearEarthAsteroidApp */ = {
			isa = PBXGroup;
			children = (
				FE5AF74C2B9A2D3200172EBF /* Model */,
				FE5AF7492B9A2D0E00172EBF /* View */,
				FE5AF7482B9A2D0600172EBF /* Controller */,
				FE5AF7472B9A2CFC00172EBF /* NetworkManager */,
				FE5AF7332B9A2CF200172EBF /* AppDelegate.swift */,
				FE5AF7352B9A2CF200172EBF /* SceneDelegate.swift */,
				FE5AF7372B9A2CF200172EBF /* ViewController.swift */,
				FE5AF73C2B9A2CF400172EBF /* Assets.xcassets */,
				FE5AF7412B9A2CF400172EBF /* Info.plist */,
			);
			path = NearEarthAsteroidApp;
			sourceTree = "<group>";
		};
		FE5AF7472B9A2CFC00172EBF /* NetworkManager */ = {
			isa = PBXGroup;
			children = (
				FE5AF74A2B9A2D2C00172EBF /* NetworkManager.swift */,
			);
			path = NetworkManager;
			sourceTree = "<group>";
		};
		FE5AF7482B9A2D0600172EBF /* Controller */ = {
			isa = PBXGroup;
			children = (
				FE5AF74F2B9A2D4F00172EBF /* DashboardViewController.swift */,
			);
			path = Controller;
			sourceTree = "<group>";
		};
		FE5AF7492B9A2D0E00172EBF /* View */ = {
			isa = PBXGroup;
			children = (
				FE5AF7392B9A2CF200172EBF /* Main.storyboard */,
				FE5AF73E2B9A2CF400172EBF /* LaunchScreen.storyboard */,
			);
			path = View;
			sourceTree = "<group>";
		};
		FE5AF74C2B9A2D3200172EBF /* Model */ = {
			isa = PBXGroup;
			children = (
				FE5AF74D2B9A2D3F00172EBF /* AsteroidModel.swift */,
			);
			path = Model;
			sourceTree = "<group>";
		};
/* End PBXGroup section */

/* Begin PBXNativeTarget section */
		FE5AF72F2B9A2CF200172EBF /* NearEarthAsteroidApp */ = {
			isa = PBXNativeTarget;
			buildConfigurationList = FE5AF7442B9A2CF400172EBF /* Build configuration list for PBXNativeTarget "NearEarthAsteroidApp" */;
			buildPhases = (
				3FEEBCFAE2D1981782EB1E19 /* [CP] Check Pods Manifest.lock */,
				FE5AF72C2B9A2CF200172EBF /* Sources */,
				FE5AF72D2B9A2CF200172EBF /* Frameworks */,
				FE5AF72E2B9A2CF200172EBF /* Resources */,
				1A84E6B8C156D133C47B620C /* [CP] Embed Pods Frameworks */,
			);
			buildRules = (
			);
			dependencies = (
			);
			name = NearEarthAsteroidApp;
			productName = NearEarthAsteroidApp;
			productReference = FE5AF7302B9A2CF200172EBF /* NearEarthAsteroidApp.app */;
			productType = "com.apple.product-type.application";
		};
/* End PBXNativeTarget section */

/* Begin PBXProject section */
		FE5AF7282B9A2CF200172EBF /* Project object */ = {
			isa = PBXProject;
			attributes = {
				BuildIndependentTargetsInParallel = 1;
				LastSwiftUpdateCheck = 1430;
				LastUpgradeCheck = 1430;
				TargetAttributes = {
					FE5AF72F2B9A2CF200172EBF = {
						CreatedOnToolsVersion = 14.3.1;
					};
				};
			};
			buildConfigurationList = FE5AF72B2B9A2CF200172EBF /* Build configuration list for PBXProject "NearEarthAsteroidApp" */;
			compatibilityVersion = "Xcode 14.0";
			developmentRegion = en;
			hasScannedForEncodings = 0;
			knownRegions = (
				en,
				Base,
			);
			mainGroup = FE5AF7272B9A2CF200172EBF;
			productRefGroup = FE5AF7312B9A2CF200172EBF /* Products */;
			projectDirPath = "";
			projectRoot = "";
			targets = (
				FE5AF72F2B9A2CF200172EBF /* NearEarthAsteroidApp */,
			);
		};
/* End PBXProject section */

/* Begin PBXResourcesBuildPhase section */
		FE5AF72E2B9A2CF200172EBF /* Resources */ = {
			isa = PBXResourcesBuildPhase;
			buildActionMask = 2147483647;
			files = (
				FE5AF7402B9A2CF400172EBF /* LaunchScreen.storyboard in Resources */,
				FE5AF73D2B9A2CF400172EBF /* Assets.xcassets in Resources */,
				FE5AF73B2B9A2CF200172EBF /* Main.storyboard in Resources */,
			);
			runOnlyForDeploymentPostprocessing = 0;
		};
/* End PBXResourcesBuildPhase section */

/* Begin PBXShellScriptBuildPhase section */
		1A84E6B8C156D133C47B620C /* [CP] Embed Pods Frameworks */ = {
			isa = PBXShellScriptBuildPhase;
			buildActionMask = 2147483647;
			files = (
			);
			inputFileListPaths = (
				"${PODS_ROOT}/Target Support Files/Pods-NearEarthAsteroidApp/Pods-NearEarthAsteroidApp-frameworks-${CONFIGURATION}-input-files.xcfilelist",
			);
			name = "[CP] Embed Pods Frameworks";
			outputFileListPaths = (
				"${PODS_ROOT}/Target Support Files/Pods-NearEarthAsteroidApp/Pods-NearEarthAsteroidApp-frameworks-${CONFIGURATION}-output-files.xcfilelist",
			);
			runOnlyForDeploymentPostprocessing = 0;
			shellPath = /bin/sh;
			shellScript = "\"${PODS_ROOT}/Target Support Files/Pods-NearEarthAsteroidApp/Pods-NearEarthAsteroidApp-frameworks.sh\"\n";
			showEnvVarsInLog = 0;
		};
		3FEEBCFAE2D1981782EB1E19 /* [CP] Check Pods Manifest.lock */ = {
			isa = PBXShellScriptBuildPhase;
			buildActionMask = 2147483647;
			files = (
			);
			inputFileListPaths = (
			);
			inputPaths = (
				"${PODS_PODFILE_DIR_PATH}/Podfile.lock",
				"${PODS_ROOT}/Manifest.lock",
			);
			name = "[CP] Check Pods Manifest.lock";
			outputFileListPaths = (
			);
			outputPaths = (
				"$(DERIVED_FILE_DIR)/Pods-NearEarthAsteroidApp-checkManifestLockResult.txt",
			);
			runOnlyForDeploymentPostprocessing = 0;
			shellPath = /bin/sh;
			shellScript = "diff \"${PODS_PODFILE_DIR_PATH}/Podfile.lock\" \"${PODS_ROOT}/Manifest.lock\" > /dev/null\nif [ $? != 0 ] ; then\n    # print error to STDERR\n    echo \"error: The sandbox is not in sync with the Podfile.lock. Run 'pod install' or update your CocoaPods installation.\" >&2\n    exit 1\nfi\n# This output is used by Xcode 'outputs' to avoid re-running this script phase.\necho \"SUCCESS\" > \"${SCRIPT_OUTPUT_FILE_0}\"\n";
			showEnvVarsInLog = 0;
		};
/* End PBXShellScriptBuildPhase section */

/* Begin PBXSourcesBuildPhase section */
		FE5AF72C2B9A2CF200172EBF /* Sources */ = {
			isa = PBXSourcesBuildPhase;
			buildActionMask = 2147483647;
			files = (
				FE5AF74E2B9A2D3F00172EBF /* AsteroidModel.swift in Sources */,
				FE5AF7502B9A2D4F00172EBF /* DashboardViewController.swift in Sources */,
				FE5AF74B2B9A2D2C00172EBF /* NetworkManager.swift in Sources */,
				FE5AF7382B9A2CF200172EBF /* ViewController.swift in Sources */,
				FE5AF7342B9A2CF200172EBF /* AppDelegate.swift in Sources */,
				FE5AF7362B9A2CF200172EBF /* SceneDelegate.swift in Sources */,
			);
			runOnlyForDeploymentPostprocessing = 0;
		};
/* End PBXSourcesBuildPhase section */

/* Begin PBXVariantGroup section */
		FE5AF7392B9A2CF200172EBF /* Main.storyboard */ = {
			isa = PBXVariantGroup;
			children = (
				FE5AF73A2B9A2CF200172EBF /* Base */,
			);
			name = Main.storyboard;
			sourceTree = "<group>";
		};
		FE5AF73E2B9A2CF400172EBF /* LaunchScreen.storyboard */ = {
			isa = PBXVariantGroup;
			children = (
				FE5AF73F2B9A2CF400172EBF /* Base */,
			);
			name = LaunchScreen.storyboard;
			sourceTree = "<group>";
		};
/* End PBXVariantGroup section */

/* Begin XCBuildConfiguration section */
		FE5AF7422B9A2CF400172EBF /* Debug */ = {
			isa = XCBuildConfiguration;
			buildSettings = {
				ALWAYS_SEARCH_USER_PATHS = NO;
				CLANG_ANALYZER_NONNULL = YES;
				CLANG_ANALYZER_NUMBER_OBJECT_CONVERSION = YES_AGGRESSIVE;
				CLANG_CXX_LANGUAGE_STANDARD = "gnu++20";
				CLANG_ENABLE_MODULES = YES;
				CLANG_ENABLE_OBJC_ARC = YES;
				CLANG_ENABLE_OBJC_WEAK = YES;
				CLANG_WARN_BLOCK_CAPTURE_AUTORELEASING = YES;
				CLANG_WARN_BOOL_CONVERSION = YES;
				CLANG_WARN_COMMA = YES;
				CLANG_WARN_CONSTANT_CONVERSION = YES;
				CLANG_WARN_DEPRECATED_OBJC_IMPLEMENTATIONS = YES;
				CLANG_WARN_DIRECT_OBJC_ISA_USAGE = YES_ERROR;
				CLANG_WARN_DOCUMENTATION_COMMENTS = YES;
				CLANG_WARN_EMPTY_BODY = YES;
				CLANG_WARN_ENUM_CONVERSION = YES;
				CLANG_WARN_INFINITE_RECURSION = YES;
				CLANG_WARN_INT_CONVERSION = YES;
				CLANG_WARN_NON_LITERAL_NULL_CONVERSION = YES;
				CLANG_WARN_OBJC_IMPLICIT_RETAIN_SELF = YES;
				CLANG_WARN_OBJC_LITERAL_CONVERSION = YES;
				CLANG_WARN_OBJC_ROOT_CLASS = YES_ERROR;
				CLANG_WARN_QUOTED_INCLUDE_IN_FRAMEWORK_HEADER = YES;
				CLANG_WARN_RANGE_LOOP_ANALYSIS = YES;
				CLANG_WARN_STRICT_PROTOTYPES = YES;
				CLANG_WARN_SUSPICIOUS_MOVE = YES;
				CLANG_WARN_UNGUARDED_AVAILABILITY = YES_AGGRESSIVE;
				CLANG_WARN_UNREACHABLE_CODE = YES;
				CLANG_WARN__DUPLICATE_METHOD_MATCH = YES;
				COPY_PHASE_STRIP = NO;
				DEBUG_INFORMATION_FORMAT = dwarf;
				ENABLE_STRICT_OBJC_MSGSEND = YES;
				ENABLE_TESTABILITY = YES;
				GCC_C_LANGUAGE_STANDARD = gnu11;
				GCC_DYNAMIC_NO_PIC = NO;
				GCC_NO_COMMON_BLOCKS = YES;
				GCC_OPTIMIZATION_LEVEL = 0;
				GCC_PREPROCESSOR_DEFINITIONS = (
					"DEBUG=1",
					"$(inherited)",
				);
				GCC_WARN_64_TO_32_BIT_CONVERSION = YES;
				GCC_WARN_ABOUT_RETURN_TYPE = YES_ERROR;
				GCC_WARN_UNDECLARED_SELECTOR = YES;
				GCC_WARN_UNINITIALIZED_AUTOS = YES_AGGRESSIVE;
				GCC_WARN_UNUSED_FUNCTION = YES;
				GCC_WARN_UNUSED_VARIABLE = YES;
				IPHONEOS_DEPLOYMENT_TARGET = 16.4;
				MTL_ENABLE_DEBUG_INFO = INCLUDE_SOURCE;
				MTL_FAST_MATH = YES;
				ONLY_ACTIVE_ARCH = YES;
				SDKROOT = iphoneos;
				SWIFT_ACTIVE_COMPILATION_CONDITIONS = DEBUG;
				SWIFT_OPTIMIZATION_LEVEL = "-Onone";
			};
			name = Debug;
		};
		FE5AF7432B9A2CF400172EBF /* Release */ = {
			isa = XCBuildConfiguration;
			buildSettings = {
				ALWAYS_SEARCH_USER_PATHS = NO;
				CLANG_ANALYZER_NONNULL = YES;
				CLANG_ANALYZER_NUMBER_OBJECT_CONVERSION = YES_AGGRESSIVE;
				CLANG_CXX_LANGUAGE_STANDARD = "gnu++20";
				CLANG_ENABLE_MODULES = YES;
				CLANG_ENABLE_OBJC_ARC = YES;
				CLANG_ENABLE_OBJC_WEAK = YES;
				CLANG_WARN_BLOCK_CAPTURE_AUTORELEASING = YES;
				CLANG_WARN_BOOL_CONVERSION = YES;
				CLANG_WARN_COMMA = YES;
				CLANG_WARN_CONSTANT_CONVERSION = YES;
				CLANG_WARN_DEPRECATED_OBJC_IMPLEMENTATIONS = YES;
				CLANG_WARN_DIRECT_OBJC_ISA_USAGE = YES_ERROR;
				CLANG_WARN_DOCUMENTATION_COMMENTS = YES;
				CLANG_WARN_EMPTY_BODY = YES;
				CLANG_WARN_ENUM_CONVERSION = YES;
				CLANG_WARN_INFINITE_RECURSION = YES;
				CLANG_WARN_INT_CONVERSION = YES;
				CLANG_WARN_NON_LITERAL_NULL_CONVERSION = YES;
				CLANG_WARN_OBJC_IMPLICIT_RETAIN_SELF = YES;
				CLANG_WARN_OBJC_LITERAL_CONVERSION = YES;
				CLANG_WARN_OBJC_ROOT_CLASS = YES_ERROR;
				CLANG_WARN_QUOTED_INCLUDE_IN_FRAMEWORK_HEADER = YES;
				CLANG_WARN_RANGE_LOOP_ANALYSIS = YES;
				CLANG_WARN_STRICT_PROTOTYPES = YES;
				CLANG_WARN_SUSPICIOUS_MOVE = YES;
				CLANG_WARN_UNGUARDED_AVAILABILITY = YES_AGGRESSIVE;
				CLANG_WARN_UNREACHABLE_CODE = YES;
				CLANG_WARN__DUPLICATE_METHOD_MATCH = YES;
				COPY_PHASE_STRIP = NO;
				DEBUG_INFORMATION_FORMAT = "dwarf-with-dsym";
				ENABLE_NS_ASSERTIONS = NO;
				ENABLE_STRICT_OBJC_MSGSEND = YES;
				GCC_C_LANGUAGE_STANDARD = gnu11;
				GCC_NO_COMMON_BLOCKS = YES;
				GCC_WARN_64_TO_32_BIT_CONVERSION = YES;
				GCC_WARN_ABOUT_RETURN_TYPE = YES_ERROR;
				GCC_WARN_UNDECLARED_SELECTOR = YES;
				GCC_WARN_UNINITIALIZED_AUTOS = YES_AGGRESSIVE;
				GCC_WARN_UNUSED_FUNCTION = YES;
				GCC_WARN_UNUSED_VARIABLE = YES;
				IPHONEOS_DEPLOYMENT_TARGET = 16.4;
				MTL_ENABLE_DEBUG_INFO = NO;
				MTL_FAST_MATH = YES;
				SDKROOT = iphoneos;
				SWIFT_COMPILATION_MODE = wholemodule;
				SWIFT_OPTIMIZATION_LEVEL = "-O";
				VALIDATE_PRODUCT = YES;
			};
			name = Release;
		};
		FE5AF7452B9A2CF400172EBF /* Debug */ = {
			isa = XCBuildConfiguration;
			baseConfigurationReference = 7111A2F95911457ED6D1E5E5 /* Pods-NearEarthAsteroidApp.debug.xcconfig */;
			buildSettings = {
				ASSETCATALOG_COMPILER_APPICON_NAME = AppIcon;
				ASSETCATALOG_COMPILER_GLOBAL_ACCENT_COLOR_NAME = AccentColor;
				CODE_SIGN_STYLE = Automatic;
				CURRENT_PROJECT_VERSION = 1;
				GENERATE_INFOPLIST_FILE = YES;
				INFOPLIST_FILE = NearEarthAsteroidApp/Info.plist;
				INFOPLIST_KEY_UIApplicationSupportsIndirectInputEvents = YES;
				INFOPLIST_KEY_UILaunchStoryboardName = LaunchScreen;
				INFOPLIST_KEY_UIMainStoryboardFile = Main;
				INFOPLIST_KEY_UISupportedInterfaceOrientations_iPad = "UIInterfaceOrientationPortrait UIInterfaceOrientationPortraitUpsideDown UIInterfaceOrientationLandscapeLeft UIInterfaceOrientationLandscapeRight";
				INFOPLIST_KEY_UISupportedInterfaceOrientations_iPhone = "UIInterfaceOrientationPortrait UIInterfaceOrientationLandscapeLeft UIInterfaceOrientationLandscapeRight";
				LD_RUNPATH_SEARCH_PATHS = (
					"$(inherited)",
					"@executable_path/Frameworks",
				);
				MARKETING_VERSION = 1.0;
				PRODUCT_BUNDLE_IDENTIFIER = com.SampleApp.NearEarthAsteroidApp;
				PRODUCT_NAME = "$(TARGET_NAME)";
				SWIFT_EMIT_LOC_STRINGS = YES;
				SWIFT_VERSION = 5.0;
				TARGETED_DEVICE_FAMILY = "1,2";
			};
			name = Debug;
		};
		FE5AF7462B9A2CF400172EBF /* Release */ = {
			isa = XCBuildConfiguration;
			baseConfigurationReference = C772091563F13E61F3179179 /* Pods-NearEarthAsteroidApp.release.xcconfig */;
			buildSettings = {
				ASSETCATALOG_COMPILER_APPICON_NAME = AppIcon;
				ASSETCATALOG_COMPILER_GLOBAL_ACCENT_COLOR_NAME = AccentColor;
				CODE_SIGN_STYLE = Automatic;
				CURRENT_PROJECT_VERSION = 1;
				GENERATE_INFOPLIST_FILE = YES;
				INFOPLIST_FILE = NearEarthAsteroidApp/Info.plist;
				INFOPLIST_KEY_UIApplicationSupportsIndirectInputEvents = YES;
				INFOPLIST_KEY_UILaunchStoryboardName = LaunchScreen;
				INFOPLIST_KEY_UIMainStoryboardFile = Main;
				INFOPLIST_KEY_UISupportedInterfaceOrientations_iPad = "UIInterfaceOrientationPortrait UIInterfaceOrientationPortraitUpsideDown UIInterfaceOrientationLandscapeLeft UIInterfaceOrientationLandscapeRight";
				INFOPLIST_KEY_UISupportedInterfaceOrientations_iPhone = "UIInterfaceOrientationPortrait UIInterfaceOrientationLandscapeLeft UIInterfaceOrientationLandscapeRight";
				LD_RUNPATH_SEARCH_PATHS = (
					"$(inherited)",
					"@executable_path/Frameworks",
				);
				MARKETING_VERSION = 1.0;
				PRODUCT_BUNDLE_IDENTIFIER = com.SampleApp.NearEarthAsteroidApp;
				PRODUCT_NAME = "$(TARGET_NAME)";
				SWIFT_EMIT_LOC_STRINGS = YES;
				SWIFT_VERSION = 5.0;
				TARGETED_DEVICE_FAMILY = "1,2";
			};
			name = Release;
		};
/* End XCBuildConfiguration section */

/* Begin XCConfigurationList section */
		FE5AF72B2B9A2CF200172EBF /* Build configuration list for PBXProject "NearEarthAsteroidApp" */ = {
			isa = XCConfigurationList;
			buildConfigurations = (
				FE5AF7422B9A2CF400172EBF /* Debug */,
				FE5AF7432B9A2CF400172EBF /* Release */,
			);
			defaultConfigurationIsVisible = 0;
			defaultConfigurationName = Release;
		};
		FE5AF7442B9A2CF400172EBF /* Build configuration list for PBXNativeTarget "NearEarthAsteroidApp" */ = {
			isa = XCConfigurationList;
			buildConfigurations = (
				FE5AF7452B9A2CF400172EBF /* Debug */,
				FE5AF7462B9A2CF400172EBF /* Release */,
			);
			defaultConfigurationIsVisible = 0;
			defaultConfigurationName = Release;
		};
/* End XCConfigurationList section */
	};
	rootObject = FE5AF7282B9A2CF200172EBF /* Project object */;
}
